// !$*UTF8*$!
{
	archiveVersion = 1;
	classes = {
	};
	objectVersion = 51;
	objects = {

/* Begin PBXBuildFile section */
		455435677BF9036B0B41C9D6 /* Pods_FavoriteHotels.framework in Frameworks */ = {isa = PBXBuildFile; fileRef = EA9FC641381F214BC6EC07DD /* Pods_FavoriteHotels.framework */; };
		E34B97F7259E042900F721B8 /* AppDelegate.swift in Sources */ = {isa = PBXBuildFile; fileRef = E34B97F6259E042900F721B8 /* AppDelegate.swift */; };
		E34B97F9259E042900F721B8 /* SceneDelegate.swift in Sources */ = {isa = PBXBuildFile; fileRef = E34B97F8259E042900F721B8 /* SceneDelegate.swift */; };
		E34B97FB259E042900F721B8 /* MyListViewController.swift in Sources */ = {isa = PBXBuildFile; fileRef = E34B97FA259E042900F721B8 /* MyListViewController.swift */; };
		E34B97FE259E042900F721B8 /* Main.storyboard in Resources */ = {isa = PBXBuildFile; fileRef = E34B97FC259E042900F721B8 /* Main.storyboard */; };
		E34B9800259E042E00F721B8 /* Assets.xcassets in Resources */ = {isa = PBXBuildFile; fileRef = E34B97FF259E042E00F721B8 /* Assets.xcassets */; };
		E34B9803259E042E00F721B8 /* LaunchScreen.storyboard in Resources */ = {isa = PBXBuildFile; fileRef = E34B9801259E042E00F721B8 /* LaunchScreen.storyboard */; };
		E34B9812259E127900F721B8 /* RegisterNewHotelViewController.swift in Sources */ = {isa = PBXBuildFile; fileRef = E34B9811259E127900F721B8 /* RegisterNewHotelViewController.swift */; };
		E34B9824259E318800F721B8 /* SectionTableViewCell.swift in Sources */ = {isa = PBXBuildFile; fileRef = E34B9822259E318800F721B8 /* SectionTableViewCell.swift */; };
		E34B9825259E318800F721B8 /* SectionTableViewCell.xib in Resources */ = {isa = PBXBuildFile; fileRef = E34B9823259E318800F721B8 /* SectionTableViewCell.xib */; };
		E34B982E259E37EF00F721B8 /* HotelListTableViewCell.swift in Sources */ = {isa = PBXBuildFile; fileRef = E34B982C259E37EF00F721B8 /* HotelListTableViewCell.swift */; };
		E34B982F259E37EF00F721B8 /* HotelListTableViewCell.xib in Resources */ = {isa = PBXBuildFile; fileRef = E34B982D259E37EF00F721B8 /* HotelListTableViewCell.xib */; };
		E34B9833259E440700F721B8 /* DatePickerTableViewCell.swift in Sources */ = {isa = PBXBuildFile; fileRef = E34B9831259E440700F721B8 /* DatePickerTableViewCell.swift */; };
		E34B9834259E440700F721B8 /* DatePickerTableViewCell.xib in Resources */ = {isa = PBXBuildFile; fileRef = E34B9832259E440700F721B8 /* DatePickerTableViewCell.xib */; };
		E34B9838259E456000F721B8 /* RatingStarTableViewCell.swift in Sources */ = {isa = PBXBuildFile; fileRef = E34B9836259E456000F721B8 /* RatingStarTableViewCell.swift */; };
		E34B9839259E456000F721B8 /* RatingStarTableViewCell.xib in Resources */ = {isa = PBXBuildFile; fileRef = E34B9837259E456000F721B8 /* RatingStarTableViewCell.xib */; };
/* End PBXBuildFile section */

/* Begin PBXFileReference section */
		762E15314574939AAE3C99E7 /* Pods-FavoriteHotels.release.xcconfig */ = {isa = PBXFileReference; includeInIndex = 1; lastKnownFileType = text.xcconfig; name = "Pods-FavoriteHotels.release.xcconfig"; path = "Target Support Files/Pods-FavoriteHotels/Pods-FavoriteHotels.release.xcconfig"; sourceTree = "<group>"; };
		E34B97F3259E042900F721B8 /* FavoriteHotels.app */ = {isa = PBXFileReference; explicitFileType = wrapper.application; includeInIndex = 0; path = FavoriteHotels.app; sourceTree = BUILT_PRODUCTS_DIR; };
		E34B97F6259E042900F721B8 /* AppDelegate.swift */ = {isa = PBXFileReference; lastKnownFileType = sourcecode.swift; path = AppDelegate.swift; sourceTree = "<group>"; };
		E34B97F8259E042900F721B8 /* SceneDelegate.swift */ = {isa = PBXFileReference; lastKnownFileType = sourcecode.swift; path = SceneDelegate.swift; sourceTree = "<group>"; };
		E34B97FA259E042900F721B8 /* MyListViewController.swift */ = {isa = PBXFileReference; lastKnownFileType = sourcecode.swift; path = MyListViewController.swift; sourceTree = "<group>"; };
		E34B97FD259E042900F721B8 /* Base */ = {isa = PBXFileReference; lastKnownFileType = file.storyboard; name = Base; path = Base.lproj/Main.storyboard; sourceTree = "<group>"; };
		E34B97FF259E042E00F721B8 /* Assets.xcassets */ = {isa = PBXFileReference; lastKnownFileType = folder.assetcatalog; path = Assets.xcassets; sourceTree = "<group>"; };
		E34B9802259E042E00F721B8 /* Base */ = {isa = PBXFileReference; lastKnownFileType = file.storyboard; name = Base; path = Base.lproj/LaunchScreen.storyboard; sourceTree = "<group>"; };
		E34B9804259E042E00F721B8 /* Info.plist */ = {isa = PBXFileReference; lastKnownFileType = text.plist.xml; path = Info.plist; sourceTree = "<group>"; };
		E34B9811259E127900F721B8 /* RegisterNewHotelViewController.swift */ = {isa = PBXFileReference; lastKnownFileType = sourcecode.swift; path = RegisterNewHotelViewController.swift; sourceTree = "<group>"; };
		E34B9822259E318800F721B8 /* SectionTableViewCell.swift */ = {isa = PBXFileReference; lastKnownFileType = sourcecode.swift; path = SectionTableViewCell.swift; sourceTree = "<group>"; };
		E34B9823259E318800F721B8 /* SectionTableViewCell.xib */ = {isa = PBXFileReference; lastKnownFileType = file.xib; path = SectionTableViewCell.xib; sourceTree = "<group>"; };
		E34B982C259E37EF00F721B8 /* HotelListTableViewCell.swift */ = {isa = PBXFileReference; lastKnownFileType = sourcecode.swift; path = HotelListTableViewCell.swift; sourceTree = "<group>"; };
		E34B982D259E37EF00F721B8 /* HotelListTableViewCell.xib */ = {isa = PBXFileReference; lastKnownFileType = file.xib; path = HotelListTableViewCell.xib; sourceTree = "<group>"; };
		E34B9831259E440700F721B8 /* DatePickerTableViewCell.swift */ = {isa = PBXFileReference; lastKnownFileType = sourcecode.swift; path = DatePickerTableViewCell.swift; sourceTree = "<group>"; };
		E34B9832259E440700F721B8 /* DatePickerTableViewCell.xib */ = {isa = PBXFileReference; lastKnownFileType = file.xib; path = DatePickerTableViewCell.xib; sourceTree = "<group>"; };
		E34B9836259E456000F721B8 /* RatingStarTableViewCell.swift */ = {isa = PBXFileReference; lastKnownFileType = sourcecode.swift; path = RatingStarTableViewCell.swift; sourceTree = "<group>"; };
		E34B9837259E456000F721B8 /* RatingStarTableViewCell.xib */ = {isa = PBXFileReference; lastKnownFileType = file.xib; path = RatingStarTableViewCell.xib; sourceTree = "<group>"; };
		E37E672FEDB56E837218FF88 /* Pods-FavoriteHotels.debug.xcconfig */ = {isa = PBXFileReference; includeInIndex = 1; lastKnownFileType = text.xcconfig; name = "Pods-FavoriteHotels.debug.xcconfig"; path = "Target Support Files/Pods-FavoriteHotels/Pods-FavoriteHotels.debug.xcconfig"; sourceTree = "<group>"; };
		EA9FC641381F214BC6EC07DD /* Pods_FavoriteHotels.framework */ = {isa = PBXFileReference; explicitFileType = wrapper.framework; includeInIndex = 0; path = Pods_FavoriteHotels.framework; sourceTree = BUILT_PRODUCTS_DIR; };
/* End PBXFileReference section */

/* Begin PBXFrameworksBuildPhase section */
		E34B97F0259E042900F721B8 /* Frameworks */ = {
			isa = PBXFrameworksBuildPhase;
			buildActionMask = 2147483647;
			files = (
				455435677BF9036B0B41C9D6 /* Pods_FavoriteHotels.framework in Frameworks */,
			);
			runOnlyForDeploymentPostprocessing = 0;
		};
/* End PBXFrameworksBuildPhase section */

/* Begin PBXGroup section */
		CA40BD7B39A154729CD1B7AA /* Pods */ = {
			isa = PBXGroup;
			children = (
				E37E672FEDB56E837218FF88 /* Pods-FavoriteHotels.debug.xcconfig */,
				762E15314574939AAE3C99E7 /* Pods-FavoriteHotels.release.xcconfig */,
			);
			path = Pods;
			sourceTree = "<group>";
		};
		E34B97EA259E042900F721B8 = {
			isa = PBXGroup;
			children = (
				E34B97F5259E042900F721B8 /* FavoriteHotels */,
				E34B97F4259E042900F721B8 /* Products */,
				CA40BD7B39A154729CD1B7AA /* Pods */,
				FAAC2BE35CEE990EF34E2782 /* Frameworks */,
			);
			sourceTree = "<group>";
		};
		E34B97F4259E042900F721B8 /* Products */ = {
			isa = PBXGroup;
			children = (
				E34B97F3259E042900F721B8 /* FavoriteHotels.app */,
			);
			name = Products;
			sourceTree = "<group>";
		};
		E34B97F5259E042900F721B8 /* FavoriteHotels */ = {
			isa = PBXGroup;
			children = (
				E34B9840259E4E3200F721B8 /* Model */,
				E34B9841259E4E3D00F721B8 /* View */,
				E34B9842259E4E5200F721B8 /* Controller */,
				E34B97F6259E042900F721B8 /* AppDelegate.swift */,
				E34B97F8259E042900F721B8 /* SceneDelegate.swift */,
				E34B9804259E042E00F721B8 /* Info.plist */,
			);
			path = FavoriteHotels;
			sourceTree = "<group>";
		};
		E34B9840259E4E3200F721B8 /* Model */ = {
			isa = PBXGroup;
			children = (
			);
			path = Model;
			sourceTree = "<group>";
		};
		E34B9841259E4E3D00F721B8 /* View */ = {
			isa = PBXGroup;
			children = (
				E34B9843259E4E8000F721B8 /* Cell */,
				E34B97FC259E042900F721B8 /* Main.storyboard */,
				E34B97FF259E042E00F721B8 /* Assets.xcassets */,
				E34B9801259E042E00F721B8 /* LaunchScreen.storyboard */,
			);
			path = View;
			sourceTree = "<group>";
		};
		E34B9842259E4E5200F721B8 /* Controller */ = {
			isa = PBXGroup;
			children = (
				E34B97FA259E042900F721B8 /* MyListViewController.swift */,
				E34B9811259E127900F721B8 /* RegisterNewHotelViewController.swift */,
			);
			path = Controller;
			sourceTree = "<group>";
		};
		E34B9843259E4E8000F721B8 /* Cell */ = {
			isa = PBXGroup;
			children = (
				E34B982C259E37EF00F721B8 /* HotelListTableViewCell.swift */,
				E34B982D259E37EF00F721B8 /* HotelListTableViewCell.xib */,
				E34B9822259E318800F721B8 /* SectionTableViewCell.swift */,
				E34B9823259E318800F721B8 /* SectionTableViewCell.xib */,
				E34B9831259E440700F721B8 /* DatePickerTableViewCell.swift */,
				E34B9832259E440700F721B8 /* DatePickerTableViewCell.xib */,
				E34B9836259E456000F721B8 /* RatingStarTableViewCell.swift */,
				E34B9837259E456000F721B8 /* RatingStarTableViewCell.xib */,
			);
			path = Cell;
			sourceTree = "<group>";
		};
		FAAC2BE35CEE990EF34E2782 /* Frameworks */ = {
			isa = PBXGroup;
			children = (
				EA9FC641381F214BC6EC07DD /* Pods_FavoriteHotels.framework */,
			);
			name = Frameworks;
			sourceTree = "<group>";
		};
/* End PBXGroup section */

/* Begin PBXNativeTarget section */
		E34B97F2259E042900F721B8 /* FavoriteHotels */ = {
			isa = PBXNativeTarget;
			buildConfigurationList = E34B9807259E042E00F721B8 /* Build configuration list for PBXNativeTarget "FavoriteHotels" */;
			buildPhases = (
				6AA5521D38862365A8B8E79C /* [CP] Check Pods Manifest.lock */,
				E34B97EF259E042900F721B8 /* Sources */,
				E34B97F0259E042900F721B8 /* Frameworks */,
				E34B97F1259E042900F721B8 /* Resources */,
				9B6A46937FB48992332132A7 /* [CP] Embed Pods Frameworks */,
			);
			buildRules = (
			);
			dependencies = (
			);
			name = FavoriteHotels;
			productName = FavoriteHotels;
			productReference = E34B97F3259E042900F721B8 /* FavoriteHotels.app */;
			productType = "com.apple.product-type.application";
		};
/* End PBXNativeTarget section */

/* Begin PBXProject section */
		E34B97EB259E042900F721B8 /* Project object */ = {
			isa = PBXProject;
			attributes = {
				LastSwiftUpdateCheck = 1230;
				LastUpgradeCheck = 1230;
				TargetAttributes = {
					E34B97F2259E042900F721B8 = {
						CreatedOnToolsVersion = 12.3;
					};
				};
			};
			buildConfigurationList = E34B97EE259E042900F721B8 /* Build configuration list for PBXProject "FavoriteHotels" */;
			compatibilityVersion = "Xcode 9.3";
			developmentRegion = en;
			hasScannedForEncodings = 0;
			knownRegions = (
				en,
				Base,
			);
			mainGroup = E34B97EA259E042900F721B8;
			productRefGroup = E34B97F4259E042900F721B8 /* Products */;
			projectDirPath = "";
			projectRoot = "";
			targets = (
				E34B97F2259E042900F721B8 /* FavoriteHotels */,
			);
		};
/* End PBXProject section */

/* Begin PBXResourcesBuildPhase section */
		E34B97F1259E042900F721B8 /* Resources */ = {
			isa = PBXResourcesBuildPhase;
			buildActionMask = 2147483647;
			files = (
				E34B9803259E042E00F721B8 /* LaunchScreen.storyboard in Resources */,
				E34B9834259E440700F721B8 /* DatePickerTableViewCell.xib in Resources */,
				E34B9825259E318800F721B8 /* SectionTableViewCell.xib in Resources */,
				E34B982F259E37EF00F721B8 /* HotelListTableViewCell.xib in Resources */,
				E34B9839259E456000F721B8 /* RatingStarTableViewCell.xib in Resources */,
				E34B9800259E042E00F721B8 /* Assets.xcassets in Resources */,
				E34B97FE259E042900F721B8 /* Main.storyboard in Resources */,
			);
			runOnlyForDeploymentPostprocessing = 0;
		};
/* End PBXResourcesBuildPhase section */

/* Begin PBXShellScriptBuildPhase section */
		6AA5521D38862365A8B8E79C /* [CP] Check Pods Manifest.lock */ = {
			isa = PBXShellScriptBuildPhase;
			buildActionMask = 2147483647;
			files = (
			);
			inputFileListPaths = (
			);
			inputPaths = (
				"${PODS_PODFILE_DIR_PATH}/Podfile.lock",
				"${PODS_ROOT}/Manifest.lock",
			);
			name = "[CP] Check Pods Manifest.lock";
			outputFileListPaths = (
			);
			outputPaths = (
				"$(DERIVED_FILE_DIR)/Pods-FavoriteHotels-checkManifestLockResult.txt",
			);
			runOnlyForDeploymentPostprocessing = 0;
			shellPath = /bin/sh;
			shellScript = "diff \"${PODS_PODFILE_DIR_PATH}/Podfile.lock\" \"${PODS_ROOT}/Manifest.lock\" > /dev/null\nif [ $? != 0 ] ; then\n    # print error to STDERR\n    echo \"error: The sandbox is not in sync with the Podfile.lock. Run 'pod install' or update your CocoaPods installation.\" >&2\n    exit 1\nfi\n# This output is used by Xcode 'outputs' to avoid re-running this script phase.\necho \"SUCCESS\" > \"${SCRIPT_OUTPUT_FILE_0}\"\n";
			showEnvVarsInLog = 0;
		};
		9B6A46937FB48992332132A7 /* [CP] Embed Pods Frameworks */ = {
			isa = PBXShellScriptBuildPhase;
			buildActionMask = 2147483647;
			files = (
			);
			inputFileListPaths = (
				"${PODS_ROOT}/Target Support Files/Pods-FavoriteHotels/Pods-FavoriteHotels-frameworks-${CONFIGURATION}-input-files.xcfilelist",
			);
			name = "[CP] Embed Pods Frameworks";
			outputFileListPaths = (
				"${PODS_ROOT}/Target Support Files/Pods-FavoriteHotels/Pods-FavoriteHotels-frameworks-${CONFIGURATION}-output-files.xcfilelist",
			);
			runOnlyForDeploymentPostprocessing = 0;
			shellPath = /bin/sh;
			shellScript = "\"${PODS_ROOT}/Target Support Files/Pods-FavoriteHotels/Pods-FavoriteHotels-frameworks.sh\"\n";
			showEnvVarsInLog = 0;
		};
/* End PBXShellScriptBuildPhase section */

/* Begin PBXSourcesBuildPhase section */
		E34B97EF259E042900F721B8 /* Sources */ = {
			isa = PBXSourcesBuildPhase;
			buildActionMask = 2147483647;
			files = (
				E34B97FB259E042900F721B8 /* MyListViewController.swift in Sources */,
				E34B9812259E127900F721B8 /* RegisterNewHotelViewController.swift in Sources */,
				E34B9838259E456000F721B8 /* RatingStarTableViewCell.swift in Sources */,
				E34B982E259E37EF00F721B8 /* HotelListTableViewCell.swift in Sources */,
				E34B97F7259E042900F721B8 /* AppDelegate.swift in Sources */,
				E34B9824259E318800F721B8 /* SectionTableViewCell.swift in Sources */,
				E34B9833259E440700F721B8 /* DatePickerTableViewCell.swift in Sources */,
				E34B97F9259E042900F721B8 /* SceneDelegate.swift in Sources */,
			);
			runOnlyForDeploymentPostprocessing = 0;
		};
/* End PBXSourcesBuildPhase section */

/* Begin PBXVariantGroup section */
		E34B97FC259E042900F721B8 /* Main.storyboard */ = {
			isa = PBXVariantGroup;
			children = (
				E34B97FD259E042900F721B8 /* Base */,
			);
			name = Main.storyboard;
			sourceTree = "<group>";
		};
		E34B9801259E042E00F721B8 /* LaunchScreen.storyboard */ = {
			isa = PBXVariantGroup;
			children = (
				E34B9802259E042E00F721B8 /* Base */,
			);
			name = LaunchScreen.storyboard;
			sourceTree = "<group>";
		};
/* End PBXVariantGroup section */

/* Begin XCBuildConfiguration section */
		E34B9805259E042E00F721B8 /* Debug */ = {
			isa = XCBuildConfiguration;
			buildSettings = {
				ALWAYS_SEARCH_USER_PATHS = NO;
				CLANG_ANALYZER_NONNULL = YES;
				CLANG_ANALYZER_NUMBER_OBJECT_CONVERSION = YES_AGGRESSIVE;
				CLANG_CXX_LANGUAGE_STANDARD = "gnu++14";
				CLANG_CXX_LIBRARY = "libc++";
				CLANG_ENABLE_MODULES = YES;
				CLANG_ENABLE_OBJC_ARC = YES;
				CLANG_ENABLE_OBJC_WEAK = YES;
				CLANG_WARN_BLOCK_CAPTURE_AUTORELEASING = YES;
				CLANG_WARN_BOOL_CONVERSION = YES;
				CLANG_WARN_COMMA = YES;
				CLANG_WARN_CONSTANT_CONVERSION = YES;
				CLANG_WARN_DEPRECATED_OBJC_IMPLEMENTATIONS = YES;
				CLANG_WARN_DIRECT_OBJC_ISA_USAGE = YES_ERROR;
				CLANG_WARN_DOCUMENTATION_COMMENTS = YES;
				CLANG_WARN_EMPTY_BODY = YES;
				CLANG_WARN_ENUM_CONVERSION = YES;
				CLANG_WARN_INFINITE_RECURSION = YES;
				CLANG_WARN_INT_CONVERSION = YES;
				CLANG_WARN_NON_LITERAL_NULL_CONVERSION = YES;
				CLANG_WARN_OBJC_IMPLICIT_RETAIN_SELF = YES;
				CLANG_WARN_OBJC_LITERAL_CONVERSION = YES;
				CLANG_WARN_OBJC_ROOT_CLASS = YES_ERROR;
				CLANG_WARN_QUOTED_INCLUDE_IN_FRAMEWORK_HEADER = YES;
				CLANG_WARN_RANGE_LOOP_ANALYSIS = YES;
				CLANG_WARN_STRICT_PROTOTYPES = YES;
				CLANG_WARN_SUSPICIOUS_MOVE = YES;
				CLANG_WARN_UNGUARDED_AVAILABILITY = YES_AGGRESSIVE;
				CLANG_WARN_UNREACHABLE_CODE = YES;
				CLANG_WARN__DUPLICATE_METHOD_MATCH = YES;
				COPY_PHASE_STRIP = NO;
				DEBUG_INFORMATION_FORMAT = dwarf;
				ENABLE_STRICT_OBJC_MSGSEND = YES;
				ENABLE_TESTABILITY = YES;
				GCC_C_LANGUAGE_STANDARD = gnu11;
				GCC_DYNAMIC_NO_PIC = NO;
				GCC_NO_COMMON_BLOCKS = YES;
				GCC_OPTIMIZATION_LEVEL = 0;
				GCC_PREPROCESSOR_DEFINITIONS = (
					"DEBUG=1",
					"$(inherited)",
				);
				GCC_WARN_64_TO_32_BIT_CONVERSION = YES;
				GCC_WARN_ABOUT_RETURN_TYPE = YES_ERROR;
				GCC_WARN_UNDECLARED_SELECTOR = YES;
				GCC_WARN_UNINITIALIZED_AUTOS = YES_AGGRESSIVE;
				GCC_WARN_UNUSED_FUNCTION = YES;
				GCC_WARN_UNUSED_VARIABLE = YES;
				IPHONEOS_DEPLOYMENT_TARGET = 14.3;
				MTL_ENABLE_DEBUG_INFO = INCLUDE_SOURCE;
				MTL_FAST_MATH = YES;
				ONLY_ACTIVE_ARCH = YES;
				SDKROOT = iphoneos;
				SWIFT_ACTIVE_COMPILATION_CONDITIONS = DEBUG;
				SWIFT_OPTIMIZATION_LEVEL = "-Onone";
			};
			name = Debug;
		};
		E34B9806259E042E00F721B8 /* Release */ = {
			isa = XCBuildConfiguration;
			buildSettings = {
				ALWAYS_SEARCH_USER_PATHS = NO;
				CLANG_ANALYZER_NONNULL = YES;
				CLANG_ANALYZER_NUMBER_OBJECT_CONVERSION = YES_AGGRESSIVE;
				CLANG_CXX_LANGUAGE_STANDARD = "gnu++14";
				CLANG_CXX_LIBRARY = "libc++";
				CLANG_ENABLE_MODULES = YES;
				CLANG_ENABLE_OBJC_ARC = YES;
				CLANG_ENABLE_OBJC_WEAK = YES;
				CLANG_WARN_BLOCK_CAPTURE_AUTORELEASING = YES;
				CLANG_WARN_BOOL_CONVERSION = YES;
				CLANG_WARN_COMMA = YES;
				CLANG_WARN_CONSTANT_CONVERSION = YES;
				CLANG_WARN_DEPRECATED_OBJC_IMPLEMENTATIONS = YES;
				CLANG_WARN_DIRECT_OBJC_ISA_USAGE = YES_ERROR;
				CLANG_WARN_DOCUMENTATION_COMMENTS = YES;
				CLANG_WARN_EMPTY_BODY = YES;
				CLANG_WARN_ENUM_CONVERSION = YES;
				CLANG_WARN_INFINITE_RECURSION = YES;
				CLANG_WARN_INT_CONVERSION = YES;
				CLANG_WARN_NON_LITERAL_NULL_CONVERSION = YES;
				CLANG_WARN_OBJC_IMPLICIT_RETAIN_SELF = YES;
				CLANG_WARN_OBJC_LITERAL_CONVERSION = YES;
				CLANG_WARN_OBJC_ROOT_CLASS = YES_ERROR;
				CLANG_WARN_QUOTED_INCLUDE_IN_FRAMEWORK_HEADER = YES;
				CLANG_WARN_RANGE_LOOP_ANALYSIS = YES;
				CLANG_WARN_STRICT_PROTOTYPES = YES;
				CLANG_WARN_SUSPICIOUS_MOVE = YES;
				CLANG_WARN_UNGUARDED_AVAILABILITY = YES_AGGRESSIVE;
				CLANG_WARN_UNREACHABLE_CODE = YES;
				CLANG_WARN__DUPLICATE_METHOD_MATCH = YES;
				COPY_PHASE_STRIP = NO;
				DEBUG_INFORMATION_FORMAT = "dwarf-with-dsym";
				ENABLE_NS_ASSERTIONS = NO;
				ENABLE_STRICT_OBJC_MSGSEND = YES;
				GCC_C_LANGUAGE_STANDARD = gnu11;
				GCC_NO_COMMON_BLOCKS = YES;
				GCC_WARN_64_TO_32_BIT_CONVERSION = YES;
				GCC_WARN_ABOUT_RETURN_TYPE = YES_ERROR;
				GCC_WARN_UNDECLARED_SELECTOR = YES;
				GCC_WARN_UNINITIALIZED_AUTOS = YES_AGGRESSIVE;
				GCC_WARN_UNUSED_FUNCTION = YES;
				GCC_WARN_UNUSED_VARIABLE = YES;
				IPHONEOS_DEPLOYMENT_TARGET = 14.3;
				MTL_ENABLE_DEBUG_INFO = NO;
				MTL_FAST_MATH = YES;
				SDKROOT = iphoneos;
				SWIFT_COMPILATION_MODE = wholemodule;
				SWIFT_OPTIMIZATION_LEVEL = "-O";
				VALIDATE_PRODUCT = YES;
			};
			name = Release;
		};
		E34B9808259E042E00F721B8 /* Debug */ = {
			isa = XCBuildConfiguration;
			baseConfigurationReference = E37E672FEDB56E837218FF88 /* Pods-FavoriteHotels.debug.xcconfig */;
			buildSettings = {
				ASSETCATALOG_COMPILER_APPICON_NAME = AppIcon;
				ASSETCATALOG_COMPILER_GLOBAL_ACCENT_COLOR_NAME = AccentColor;
				CODE_SIGN_STYLE = Automatic;
				DEVELOPMENT_TEAM = 737XJB84YA;
				INFOPLIST_FILE = FavoriteHotels/Info.plist;
				LD_RUNPATH_SEARCH_PATHS = (
					"$(inherited)",
					"@executable_path/Frameworks",
				);
				PRODUCT_BUNDLE_IDENTIFIER = com.hara.FavoriteHotels;
				PRODUCT_NAME = "$(TARGET_NAME)";
				SWIFT_VERSION = 5.0;
				TARGETED_DEVICE_FAMILY = "1,2";
			};
			name = Debug;
		};
		E34B9809259E042E00F721B8 /* Release */ = {
			isa = XCBuildConfiguration;
			baseConfigurationReference = 762E15314574939AAE3C99E7 /* Pods-FavoriteHotels.release.xcconfig */;
			buildSettings = {
				ASSETCATALOG_COMPILER_APPICON_NAME = AppIcon;
				ASSETCATALOG_COMPILER_GLOBAL_ACCENT_COLOR_NAME = AccentColor;
				CODE_SIGN_STYLE = Automatic;
				DEVELOPMENT_TEAM = 737XJB84YA;
				INFOPLIST_FILE = FavoriteHotels/Info.plist;
				LD_RUNPATH_SEARCH_PATHS = (
					"$(inherited)",
					"@executable_path/Frameworks",
				);
				PRODUCT_BUNDLE_IDENTIFIER = com.hara.FavoriteHotels;
				PRODUCT_NAME = "$(TARGET_NAME)";
				SWIFT_VERSION = 5.0;
				TARGETED_DEVICE_FAMILY = "1,2";
			};
			name = Release;
		};
/* End XCBuildConfiguration section */

/* Begin XCConfigurationList section */
		E34B97EE259E042900F721B8 /* Build configuration list for PBXProject "FavoriteHotels" */ = {
			isa = XCConfigurationList;
			buildConfigurations = (
				E34B9805259E042E00F721B8 /* Debug */,
				E34B9806259E042E00F721B8 /* Release */,
			);
			defaultConfigurationIsVisible = 0;
			defaultConfigurationName = Release;
		};
		E34B9807259E042E00F721B8 /* Build configuration list for PBXNativeTarget "FavoriteHotels" */ = {
			isa = XCConfigurationList;
			buildConfigurations = (
				E34B9808259E042E00F721B8 /* Debug */,
				E34B9809259E042E00F721B8 /* Release */,
			);
			defaultConfigurationIsVisible = 0;
			defaultConfigurationName = Release;
		};
/* End XCConfigurationList section */
	};
	rootObject = E34B97EB259E042900F721B8 /* Project object */;
}
